// !$*UTF8*$!
{
	archiveVersion = 1;
	classes = {
	};
	objectVersion = 46;
	objects = {

/* Begin PBXBuildFile section */
		D30023881648A21E006C2A75 /* CoreData.framework in Frameworks */ = {isa = PBXBuildFile; fileRef = D30023871648A21E006C2A75 /* CoreData.framework */; };
		D300238C1648A38C006C2A75 /* iOS-CoSpace-Fall2012.xcdatamodeld in Sources */ = {isa = PBXBuildFile; fileRef = D300238A1648A38C006C2A75 /* iOS-CoSpace-Fall2012.xcdatamodeld */; };
		D300238F1648A41E006C2A75 /* Repo.m in Sources */ = {isa = PBXBuildFile; fileRef = D300238E1648A41E006C2A75 /* Repo.m */; };
		D311FB791636159500797BF9 /* UIKit.framework in Frameworks */ = {isa = PBXBuildFile; fileRef = D311FB781636159500797BF9 /* UIKit.framework */; };
		D311FB7B1636159500797BF9 /* Foundation.framework in Frameworks */ = {isa = PBXBuildFile; fileRef = D311FB7A1636159500797BF9 /* Foundation.framework */; };
		D311FB7D1636159500797BF9 /* CoreGraphics.framework in Frameworks */ = {isa = PBXBuildFile; fileRef = D311FB7C1636159500797BF9 /* CoreGraphics.framework */; };
		D311FB831636159500797BF9 /* InfoPlist.strings in Resources */ = {isa = PBXBuildFile; fileRef = D311FB811636159500797BF9 /* InfoPlist.strings */; };
		D311FB851636159500797BF9 /* main.m in Sources */ = {isa = PBXBuildFile; fileRef = D311FB841636159500797BF9 /* main.m */; };
		D311FB891636159500797BF9 /* HCSAppDelegate.m in Sources */ = {isa = PBXBuildFile; fileRef = D311FB881636159500797BF9 /* HCSAppDelegate.m */; };
		D311FB8C1636159500797BF9 /* HCSViewController.m in Sources */ = {isa = PBXBuildFile; fileRef = D311FB8B1636159500797BF9 /* HCSViewController.m */; };
		D311FB8F1636159500797BF9 /* HCSViewController.xib in Resources */ = {isa = PBXBuildFile; fileRef = D311FB8D1636159500797BF9 /* HCSViewController.xib */; };
		D311FB971636159500797BF9 /* SenTestingKit.framework in Frameworks */ = {isa = PBXBuildFile; fileRef = D311FB961636159500797BF9 /* SenTestingKit.framework */; };
		D311FB981636159500797BF9 /* UIKit.framework in Frameworks */ = {isa = PBXBuildFile; fileRef = D311FB781636159500797BF9 /* UIKit.framework */; };
		D311FB991636159500797BF9 /* Foundation.framework in Frameworks */ = {isa = PBXBuildFile; fileRef = D311FB7A1636159500797BF9 /* Foundation.framework */; };
		D311FBA11636159500797BF9 /* InfoPlist.strings in Resources */ = {isa = PBXBuildFile; fileRef = D311FB9F1636159500797BF9 /* InfoPlist.strings */; };
		D3412CC516619D230080930A /* NetworkManager.m in Sources */ = {isa = PBXBuildFile; fileRef = D3412CC416619D230080930A /* NetworkManager.m */; };
		D3412CCB16619FF90080930A /* BaseFetchOperation.m in Sources */ = {isa = PBXBuildFile; fileRef = D3412CCA16619FF90080930A /* BaseFetchOperation.m */; };
		D3412CCE1661A0DC0080930A /* RepoFetchOperation.m in Sources */ = {isa = PBXBuildFile; fileRef = D3412CCD1661A0DC0080930A /* RepoFetchOperation.m */; };
		D3412CDC1661B2BB0080930A /* GTMHTTPServer.m in Sources */ = {isa = PBXBuildFile; fileRef = D3412CD41661B2BB0080930A /* GTMHTTPServer.m */; settings = {COMPILER_FLAGS = "-fno-objc-arc"; }; };
		D3412CDD1661B2BB0080930A /* GTMRegex.m in Sources */ = {isa = PBXBuildFile; fileRef = D3412CD61661B2BB0080930A /* GTMRegex.m */; settings = {COMPILER_FLAGS = "-fno-objc-arc"; }; };
		D3412CDE1661B2BB0080930A /* GTMTestHTTPServer.m in Sources */ = {isa = PBXBuildFile; fileRef = D3412CD81661B2BB0080930A /* GTMTestHTTPServer.m */; settings = {COMPILER_FLAGS = "-fno-objc-arc"; }; };
		D3412CDF1661B2BB0080930A /* PDBackgroundHTTPServer.m in Sources */ = {isa = PBXBuildFile; fileRef = D3412CDB1661B2BB0080930A /* PDBackgroundHTTPServer.m */; settings = {COMPILER_FLAGS = "-fno-objc-arc"; }; };
		D3412CE61661B3020080930A /* HCSSyntheticServerTest.m in Sources */ = {isa = PBXBuildFile; fileRef = D3412CE51661B3020080930A /* HCSSyntheticServerTest.m */; };
		D3412CE91661B4880080930A /* CFNetwork.framework in Frameworks */ = {isa = PBXBuildFile; fileRef = D3412CE81661B4880080930A /* CFNetwork.framework */; };
		D3412CEC1661B4CC0080930A /* example.json in Resources */ = {isa = PBXBuildFile; fileRef = D3412CEB1661B4CC0080930A /* example.json */; };
		D355CF3316476FE1004E70DB /* Reachability.m in Sources */ = {isa = PBXBuildFile; fileRef = D355CF3216476FE1004E70DB /* Reachability.m */; };
		D355CF3516476FF4004E70DB /* SystemConfiguration.framework in Frameworks */ = {isa = PBXBuildFile; fileRef = D355CF3416476FF4004E70DB /* SystemConfiguration.framework */; };
/* End PBXBuildFile section */

/* Begin PBXContainerItemProxy section */
		D311FB9A1636159500797BF9 /* PBXContainerItemProxy */ = {
			isa = PBXContainerItemProxy;
			containerPortal = D311FB6B1636159500797BF9 /* Project object */;
			proxyType = 1;
			remoteGlobalIDString = D311FB731636159500797BF9;
			remoteInfo = "iOS-CoSpace-Fall2012";
		};
/* End PBXContainerItemProxy section */

/* Begin PBXFileReference section */
		D30023871648A21E006C2A75 /* CoreData.framework */ = {isa = PBXFileReference; lastKnownFileType = wrapper.framework; name = CoreData.framework; path = System/Library/Frameworks/CoreData.framework; sourceTree = SDKROOT; };
		D300238B1648A38C006C2A75 /* iOS-CoSpace-Fall2012.xcdatamodel */ = {isa = PBXFileReference; lastKnownFileType = wrapper.xcdatamodel; path = "iOS-CoSpace-Fall2012.xcdatamodel"; sourceTree = "<group>"; };
		D300238D1648A41E006C2A75 /* Repo.h */ = {isa = PBXFileReference; fileEncoding = 4; lastKnownFileType = sourcecode.c.h; name = Repo.h; path = ../Repo.h; sourceTree = "<group>"; };
		D300238E1648A41E006C2A75 /* Repo.m */ = {isa = PBXFileReference; fileEncoding = 4; lastKnownFileType = sourcecode.c.objc; name = Repo.m; path = ../Repo.m; sourceTree = "<group>"; };
		D311FB741636159500797BF9 /* iOS-CoSpace-Fall2012.app */ = {isa = PBXFileReference; explicitFileType = wrapper.application; includeInIndex = 0; path = "iOS-CoSpace-Fall2012.app"; sourceTree = BUILT_PRODUCTS_DIR; };
		D311FB781636159500797BF9 /* UIKit.framework */ = {isa = PBXFileReference; lastKnownFileType = wrapper.framework; name = UIKit.framework; path = System/Library/Frameworks/UIKit.framework; sourceTree = SDKROOT; };
		D311FB7A1636159500797BF9 /* Foundation.framework */ = {isa = PBXFileReference; lastKnownFileType = wrapper.framework; name = Foundation.framework; path = System/Library/Frameworks/Foundation.framework; sourceTree = SDKROOT; };
		D311FB7C1636159500797BF9 /* CoreGraphics.framework */ = {isa = PBXFileReference; lastKnownFileType = wrapper.framework; name = CoreGraphics.framework; path = System/Library/Frameworks/CoreGraphics.framework; sourceTree = SDKROOT; };
		D311FB801636159500797BF9 /* iOS-CoSpace-Fall2012-Info.plist */ = {isa = PBXFileReference; lastKnownFileType = text.plist.xml; path = "iOS-CoSpace-Fall2012-Info.plist"; sourceTree = "<group>"; };
		D311FB821636159500797BF9 /* en */ = {isa = PBXFileReference; lastKnownFileType = text.plist.strings; name = en; path = en.lproj/InfoPlist.strings; sourceTree = "<group>"; };
		D311FB841636159500797BF9 /* main.m */ = {isa = PBXFileReference; lastKnownFileType = sourcecode.c.objc; path = main.m; sourceTree = "<group>"; };
		D311FB861636159500797BF9 /* iOS-CoSpace-Fall2012-Prefix.pch */ = {isa = PBXFileReference; lastKnownFileType = sourcecode.c.h; path = "iOS-CoSpace-Fall2012-Prefix.pch"; sourceTree = "<group>"; };
		D311FB871636159500797BF9 /* HCSAppDelegate.h */ = {isa = PBXFileReference; lastKnownFileType = sourcecode.c.h; path = HCSAppDelegate.h; sourceTree = "<group>"; };
		D311FB881636159500797BF9 /* HCSAppDelegate.m */ = {isa = PBXFileReference; lastKnownFileType = sourcecode.c.objc; path = HCSAppDelegate.m; sourceTree = "<group>"; };
		D311FB8A1636159500797BF9 /* HCSViewController.h */ = {isa = PBXFileReference; lastKnownFileType = sourcecode.c.h; path = HCSViewController.h; sourceTree = "<group>"; };
		D311FB8B1636159500797BF9 /* HCSViewController.m */ = {isa = PBXFileReference; lastKnownFileType = sourcecode.c.objc; path = HCSViewController.m; sourceTree = "<group>"; };
		D311FB8E1636159500797BF9 /* en */ = {isa = PBXFileReference; lastKnownFileType = file.xib; name = en; path = en.lproj/HCSViewController.xib; sourceTree = "<group>"; };
		D311FB951636159500797BF9 /* iOS-CoSpace-Fall2012Tests.octest */ = {isa = PBXFileReference; explicitFileType = wrapper.cfbundle; includeInIndex = 0; path = "iOS-CoSpace-Fall2012Tests.octest"; sourceTree = BUILT_PRODUCTS_DIR; };
		D311FB961636159500797BF9 /* SenTestingKit.framework */ = {isa = PBXFileReference; lastKnownFileType = wrapper.framework; name = SenTestingKit.framework; path = Library/Frameworks/SenTestingKit.framework; sourceTree = DEVELOPER_DIR; };
		D311FB9E1636159500797BF9 /* iOS-CoSpace-Fall2012Tests-Info.plist */ = {isa = PBXFileReference; lastKnownFileType = text.plist.xml; path = "iOS-CoSpace-Fall2012Tests-Info.plist"; sourceTree = "<group>"; };
		D311FBA01636159500797BF9 /* en */ = {isa = PBXFileReference; lastKnownFileType = text.plist.strings; name = en; path = en.lproj/InfoPlist.strings; sourceTree = "<group>"; };
		D3412CC316619D230080930A /* NetworkManager.h */ = {isa = PBXFileReference; fileEncoding = 4; lastKnownFileType = sourcecode.c.h; path = NetworkManager.h; sourceTree = "<group>"; };
		D3412CC416619D230080930A /* NetworkManager.m */ = {isa = PBXFileReference; fileEncoding = 4; lastKnownFileType = sourcecode.c.objc; path = NetworkManager.m; sourceTree = "<group>"; };
		D3412CC916619FF90080930A /* BaseFetchOperation.h */ = {isa = PBXFileReference; fileEncoding = 4; lastKnownFileType = sourcecode.c.h; path = BaseFetchOperation.h; sourceTree = "<group>"; };
		D3412CCA16619FF90080930A /* BaseFetchOperation.m */ = {isa = PBXFileReference; fileEncoding = 4; lastKnownFileType = sourcecode.c.objc; path = BaseFetchOperation.m; sourceTree = "<group>"; };
		D3412CCC1661A0DC0080930A /* RepoFetchOperation.h */ = {isa = PBXFileReference; fileEncoding = 4; lastKnownFileType = sourcecode.c.h; path = RepoFetchOperation.h; sourceTree = "<group>"; };
		D3412CCD1661A0DC0080930A /* RepoFetchOperation.m */ = {isa = PBXFileReference; fileEncoding = 4; lastKnownFileType = sourcecode.c.objc; path = RepoFetchOperation.m; sourceTree = "<group>"; };
		D3412CD01661B2BB0080930A /* GTMDebugSelectorValidation.h */ = {isa = PBXFileReference; fileEncoding = 4; lastKnownFileType = sourcecode.c.h; name = GTMDebugSelectorValidation.h; path = External/SyntheticServerTest/TestSupport/GTMDebugSelectorValidation.h; sourceTree = "<group>"; };
		D3412CD11661B2BB0080930A /* GTMDefines.h */ = {isa = PBXFileReference; fileEncoding = 4; lastKnownFileType = sourcecode.c.h; name = GTMDefines.h; path = External/SyntheticServerTest/TestSupport/GTMDefines.h; sourceTree = "<group>"; };
		D3412CD21661B2BB0080930A /* GTMGarbageCollection.h */ = {isa = PBXFileReference; fileEncoding = 4; lastKnownFileType = sourcecode.c.h; name = GTMGarbageCollection.h; path = External/SyntheticServerTest/TestSupport/GTMGarbageCollection.h; sourceTree = "<group>"; };
		D3412CD31661B2BB0080930A /* GTMHTTPServer.h */ = {isa = PBXFileReference; fileEncoding = 4; lastKnownFileType = sourcecode.c.h; name = GTMHTTPServer.h; path = External/SyntheticServerTest/TestSupport/GTMHTTPServer.h; sourceTree = "<group>"; };
		D3412CD41661B2BB0080930A /* GTMHTTPServer.m */ = {isa = PBXFileReference; fileEncoding = 4; lastKnownFileType = sourcecode.c.objc; name = GTMHTTPServer.m; path = External/SyntheticServerTest/TestSupport/GTMHTTPServer.m; sourceTree = "<group>"; };
		D3412CD51661B2BB0080930A /* GTMRegex.h */ = {isa = PBXFileReference; fileEncoding = 4; lastKnownFileType = sourcecode.c.h; name = GTMRegex.h; path = External/SyntheticServerTest/TestSupport/GTMRegex.h; sourceTree = "<group>"; };
		D3412CD61661B2BB0080930A /* GTMRegex.m */ = {isa = PBXFileReference; fileEncoding = 4; lastKnownFileType = sourcecode.c.objc; name = GTMRegex.m; path = External/SyntheticServerTest/TestSupport/GTMRegex.m; sourceTree = "<group>"; };
		D3412CD71661B2BB0080930A /* GTMTestHTTPServer.h */ = {isa = PBXFileReference; fileEncoding = 4; lastKnownFileType = sourcecode.c.h; name = GTMTestHTTPServer.h; path = External/SyntheticServerTest/TestSupport/GTMTestHTTPServer.h; sourceTree = "<group>"; };
		D3412CD81661B2BB0080930A /* GTMTestHTTPServer.m */ = {isa = PBXFileReference; fileEncoding = 4; lastKnownFileType = sourcecode.c.objc; name = GTMTestHTTPServer.m; path = External/SyntheticServerTest/TestSupport/GTMTestHTTPServer.m; sourceTree = "<group>"; };
		D3412CD91661B2BB0080930A /* GTMTypeCasting.h */ = {isa = PBXFileReference; fileEncoding = 4; lastKnownFileType = sourcecode.c.h; name = GTMTypeCasting.h; path = External/SyntheticServerTest/TestSupport/GTMTypeCasting.h; sourceTree = "<group>"; };
		D3412CDA1661B2BB0080930A /* PDBackgroundHTTPServer.h */ = {isa = PBXFileReference; fileEncoding = 4; lastKnownFileType = sourcecode.c.h; name = PDBackgroundHTTPServer.h; path = External/SyntheticServerTest/TestSupport/PDBackgroundHTTPServer.h; sourceTree = "<group>"; };
		D3412CDB1661B2BB0080930A /* PDBackgroundHTTPServer.m */ = {isa = PBXFileReference; fileEncoding = 4; lastKnownFileType = sourcecode.c.objc; name = PDBackgroundHTTPServer.m; path = External/SyntheticServerTest/TestSupport/PDBackgroundHTTPServer.m; sourceTree = "<group>"; };
		D3412CE41661B3020080930A /* HCSSyntheticServerTest.h */ = {isa = PBXFileReference; fileEncoding = 4; lastKnownFileType = sourcecode.c.h; path = HCSSyntheticServerTest.h; sourceTree = "<group>"; };
		D3412CE51661B3020080930A /* HCSSyntheticServerTest.m */ = {isa = PBXFileReference; fileEncoding = 4; lastKnownFileType = sourcecode.c.objc; path = HCSSyntheticServerTest.m; sourceTree = "<group>"; };
		D3412CE71661B3A20080930A /* NetworkManager+Tests.h */ = {isa = PBXFileReference; lastKnownFileType = sourcecode.c.h; path = "NetworkManager+Tests.h"; sourceTree = "<group>"; };
		D3412CE81661B4880080930A /* CFNetwork.framework */ = {isa = PBXFileReference; lastKnownFileType = wrapper.framework; name = CFNetwork.framework; path = System/Library/Frameworks/CFNetwork.framework; sourceTree = SDKROOT; };
		D3412CEB1661B4CC0080930A /* example.json */ = {isa = PBXFileReference; fileEncoding = 4; lastKnownFileType = text.json; name = example.json; path = TestData/example.json; sourceTree = SOURCE_ROOT; };
		D355CF3116476FE1004E70DB /* Reachability.h */ = {isa = PBXFileReference; fileEncoding = 4; lastKnownFileType = sourcecode.c.h; name = Reachability.h; path = External/Reachability/Reachability.h; sourceTree = "<group>"; };
		D355CF3216476FE1004E70DB /* Reachability.m */ = {isa = PBXFileReference; fileEncoding = 4; lastKnownFileType = sourcecode.c.objc; name = Reachability.m; path = External/Reachability/Reachability.m; sourceTree = "<group>"; };
		D355CF3416476FF4004E70DB /* SystemConfiguration.framework */ = {isa = PBXFileReference; lastKnownFileType = wrapper.framework; name = SystemConfiguration.framework; path = System/Library/Frameworks/SystemConfiguration.framework; sourceTree = SDKROOT; };
/* End PBXFileReference section */

/* Begin PBXFrameworksBuildPhase section */
		D311FB711636159500797BF9 /* Frameworks */ = {
			isa = PBXFrameworksBuildPhase;
			buildActionMask = 2147483647;
			files = (
				D30023881648A21E006C2A75 /* CoreData.framework in Frameworks */,
				D355CF3516476FF4004E70DB /* SystemConfiguration.framework in Frameworks */,
				D311FB791636159500797BF9 /* UIKit.framework in Frameworks */,
				D311FB7B1636159500797BF9 /* Foundation.framework in Frameworks */,
				D311FB7D1636159500797BF9 /* CoreGraphics.framework in Frameworks */,
			);
			runOnlyForDeploymentPostprocessing = 0;
		};
		D311FB911636159500797BF9 /* Frameworks */ = {
			isa = PBXFrameworksBuildPhase;
			buildActionMask = 2147483647;
			files = (
				D3412CE91661B4880080930A /* CFNetwork.framework in Frameworks */,
				D311FB971636159500797BF9 /* SenTestingKit.framework in Frameworks */,
				D311FB981636159500797BF9 /* UIKit.framework in Frameworks */,
				D311FB991636159500797BF9 /* Foundation.framework in Frameworks */,
			);
			runOnlyForDeploymentPostprocessing = 0;
		};
/* End PBXFrameworksBuildPhase section */

/* Begin PBXGroup section */
		D311FB691636159500797BF9 = {
			isa = PBXGroup;
			children = (
				D3412CE81661B4880080930A /* CFNetwork.framework */,
				D311FB7E1636159500797BF9 /* iOS-CoSpace-Fall2012 */,
				D311FB9C1636159500797BF9 /* iOS-CoSpace-Fall2012Tests */,
				D355CF2E16476FC1004E70DB /* External */,
				D311FB771636159500797BF9 /* Frameworks */,
				D311FB751636159500797BF9 /* Products */,
			);
			sourceTree = "<group>";
		};
		D311FB751636159500797BF9 /* Products */ = {
			isa = PBXGroup;
			children = (
				D311FB741636159500797BF9 /* iOS-CoSpace-Fall2012.app */,
				D311FB951636159500797BF9 /* iOS-CoSpace-Fall2012Tests.octest */,
			);
			name = Products;
			sourceTree = "<group>";
		};
		D311FB771636159500797BF9 /* Frameworks */ = {
			isa = PBXGroup;
			children = (
				D30023871648A21E006C2A75 /* CoreData.framework */,
				D311FB781636159500797BF9 /* UIKit.framework */,
				D311FB7A1636159500797BF9 /* Foundation.framework */,
				D311FB7C1636159500797BF9 /* CoreGraphics.framework */,
				D355CF3416476FF4004E70DB /* SystemConfiguration.framework */,
				D311FB961636159500797BF9 /* SenTestingKit.framework */,
			);
			name = Frameworks;
			sourceTree = "<group>";
		};
		D311FB7E1636159500797BF9 /* iOS-CoSpace-Fall2012 */ = {
			isa = PBXGroup;
			children = (
				D3412CC716619FD00080930A /* Networking */,
				D300238A1648A38C006C2A75 /* iOS-CoSpace-Fall2012.xcdatamodeld */,
				D300238D1648A41E006C2A75 /* Repo.h */,
				D300238E1648A41E006C2A75 /* Repo.m */,
				D311FB871636159500797BF9 /* HCSAppDelegate.h */,
				D311FB881636159500797BF9 /* HCSAppDelegate.m */,
				D311FB8A1636159500797BF9 /* HCSViewController.h */,
				D311FB8B1636159500797BF9 /* HCSViewController.m */,
				D311FB8D1636159500797BF9 /* HCSViewController.xib */,
				D311FB7F1636159500797BF9 /* Supporting Files */,
			);
			path = "iOS-CoSpace-Fall2012";
			sourceTree = "<group>";
		};
		D311FB7F1636159500797BF9 /* Supporting Files */ = {
			isa = PBXGroup;
			children = (
				D311FB801636159500797BF9 /* iOS-CoSpace-Fall2012-Info.plist */,
				D311FB811636159500797BF9 /* InfoPlist.strings */,
				D311FB841636159500797BF9 /* main.m */,
				D311FB861636159500797BF9 /* iOS-CoSpace-Fall2012-Prefix.pch */,
			);
			name = "Supporting Files";
			sourceTree = "<group>";
		};
		D311FB9C1636159500797BF9 /* iOS-CoSpace-Fall2012Tests */ = {
			isa = PBXGroup;
			children = (
				D3412CEA1661B4B30080930A /* TestData */,
				D311FB9D1636159500797BF9 /* Supporting Files */,
				D3412CE41661B3020080930A /* HCSSyntheticServerTest.h */,
				D3412CE51661B3020080930A /* HCSSyntheticServerTest.m */,
				D3412CE71661B3A20080930A /* NetworkManager+Tests.h */,
			);
			path = "iOS-CoSpace-Fall2012Tests";
			sourceTree = "<group>";
		};
		D311FB9D1636159500797BF9 /* Supporting Files */ = {
			isa = PBXGroup;
			children = (
				D311FB9E1636159500797BF9 /* iOS-CoSpace-Fall2012Tests-Info.plist */,
				D311FB9F1636159500797BF9 /* InfoPlist.strings */,
			);
			name = "Supporting Files";
			sourceTree = "<group>";
		};
		D3412CC716619FD00080930A /* Networking */ = {
			isa = PBXGroup;
			children = (
				D3412CC316619D230080930A /* NetworkManager.h */,
				D3412CC416619D230080930A /* NetworkManager.m */,
				D3412CC816619FDD0080930A /* Operations */,
			);
			name = Networking;
			sourceTree = "<group>";
		};
		D3412CC816619FDD0080930A /* Operations */ = {
			isa = PBXGroup;
			children = (
				D3412CCC1661A0DC0080930A /* RepoFetchOperation.h */,
				D3412CCD1661A0DC0080930A /* RepoFetchOperation.m */,
				D3412CC916619FF90080930A /* BaseFetchOperation.h */,
				D3412CCA16619FF90080930A /* BaseFetchOperation.m */,
			);
			name = Operations;
			sourceTree = "<group>";
		};
		D3412CCF1661B2880080930A /* SyntheticServerTest */ = {
			isa = PBXGroup;
			children = (
				D3412CD01661B2BB0080930A /* GTMDebugSelectorValidation.h */,
				D3412CD11661B2BB0080930A /* GTMDefines.h */,
				D3412CD21661B2BB0080930A /* GTMGarbageCollection.h */,
				D3412CD31661B2BB0080930A /* GTMHTTPServer.h */,
				D3412CD41661B2BB0080930A /* GTMHTTPServer.m */,
				D3412CD51661B2BB0080930A /* GTMRegex.h */,
				D3412CD61661B2BB0080930A /* GTMRegex.m */,
				D3412CD71661B2BB0080930A /* GTMTestHTTPServer.h */,
				D3412CD81661B2BB0080930A /* GTMTestHTTPServer.m */,
				D3412CD91661B2BB0080930A /* GTMTypeCasting.h */,
				D3412CDA1661B2BB0080930A /* PDBackgroundHTTPServer.h */,
				D3412CDB1661B2BB0080930A /* PDBackgroundHTTPServer.m */,
			);
			name = SyntheticServerTest;
			sourceTree = "<group>";
		};
		D3412CEA1661B4B30080930A /* TestData */ = {
			isa = PBXGroup;
			children = (
				D3412CEB1661B4CC0080930A /* example.json */,
			);
			name = TestData;
			sourceTree = "<group>";
		};
		D355CF2E16476FC1004E70DB /* External */ = {
			isa = PBXGroup;
			children = (
				D3412CCF1661B2880080930A /* SyntheticServerTest */,
				D355CF3016476FCC004E70DB /* Reachability */,
			);
			name = External;
			sourceTree = "<group>";
		};
		D355CF3016476FCC004E70DB /* Reachability */ = {
			isa = PBXGroup;
			children = (
				D355CF3116476FE1004E70DB /* Reachability.h */,
				D355CF3216476FE1004E70DB /* Reachability.m */,
			);
			name = Reachability;
			sourceTree = "<group>";
		};
/* End PBXGroup section */

/* Begin PBXNativeTarget section */
		D311FB731636159500797BF9 /* iOS-CoSpace-Fall2012 */ = {
			isa = PBXNativeTarget;
			buildConfigurationList = D311FBA71636159500797BF9 /* Build configuration list for PBXNativeTarget "iOS-CoSpace-Fall2012" */;
			buildPhases = (
				D311FB701636159500797BF9 /* Sources */,
				D311FB711636159500797BF9 /* Frameworks */,
				D311FB721636159500797BF9 /* Resources */,
			);
			buildRules = (
			);
			dependencies = (
			);
			name = "iOS-CoSpace-Fall2012";
			productName = "iOS-CoSpace-Fall2012";
			productReference = D311FB741636159500797BF9 /* iOS-CoSpace-Fall2012.app */;
			productType = "com.apple.product-type.application";
		};
		D311FB941636159500797BF9 /* iOS-CoSpace-Fall2012Tests */ = {
			isa = PBXNativeTarget;
			buildConfigurationList = D311FBAA1636159500797BF9 /* Build configuration list for PBXNativeTarget "iOS-CoSpace-Fall2012Tests" */;
			buildPhases = (
				D311FB901636159500797BF9 /* Sources */,
				D311FB911636159500797BF9 /* Frameworks */,
				D311FB921636159500797BF9 /* Resources */,
				D311FB931636159500797BF9 /* ShellScript */,
			);
			buildRules = (
			);
			dependencies = (
				D311FB9B1636159500797BF9 /* PBXTargetDependency */,
			);
			name = "iOS-CoSpace-Fall2012Tests";
			productName = "iOS-CoSpace-Fall2012Tests";
			productReference = D311FB951636159500797BF9 /* iOS-CoSpace-Fall2012Tests.octest */;
			productType = "com.apple.product-type.bundle";
		};
/* End PBXNativeTarget section */

/* Begin PBXProject section */
		D311FB6B1636159500797BF9 /* Project object */ = {
			isa = PBXProject;
			attributes = {
				CLASSPREFIX = HCS;
				LastUpgradeCheck = 0440;
				ORGANIZATIONNAME = PDAgent;
			};
			buildConfigurationList = D311FB6E1636159500797BF9 /* Build configuration list for PBXProject "iOS-CoSpace-Fall2012" */;
			compatibilityVersion = "Xcode 3.2";
			developmentRegion = English;
			hasScannedForEncodings = 0;
			knownRegions = (
				en,
			);
			mainGroup = D311FB691636159500797BF9;
			productRefGroup = D311FB751636159500797BF9 /* Products */;
			projectDirPath = "";
			projectRoot = "";
			targets = (
				D311FB731636159500797BF9 /* iOS-CoSpace-Fall2012 */,
				D311FB941636159500797BF9 /* iOS-CoSpace-Fall2012Tests */,
			);
		};
/* End PBXProject section */

/* Begin PBXResourcesBuildPhase section */
		D311FB721636159500797BF9 /* Resources */ = {
			isa = PBXResourcesBuildPhase;
			buildActionMask = 2147483647;
			files = (
				D311FB831636159500797BF9 /* InfoPlist.strings in Resources */,
				D311FB8F1636159500797BF9 /* HCSViewController.xib in Resources */,
			);
			runOnlyForDeploymentPostprocessing = 0;
		};
		D311FB921636159500797BF9 /* Resources */ = {
			isa = PBXResourcesBuildPhase;
			buildActionMask = 2147483647;
			files = (
				D311FBA11636159500797BF9 /* InfoPlist.strings in Resources */,
				D3412CEC1661B4CC0080930A /* example.json in Resources */,
			);
			runOnlyForDeploymentPostprocessing = 0;
		};
/* End PBXResourcesBuildPhase section */

/* Begin PBXShellScriptBuildPhase section */
		D311FB931636159500797BF9 /* ShellScript */ = {
			isa = PBXShellScriptBuildPhase;
			buildActionMask = 2147483647;
			files = (
			);
			inputPaths = (
			);
			outputPaths = (
			);
			runOnlyForDeploymentPostprocessing = 0;
			shellPath = /bin/sh;
			shellScript = "# Run the unit tests in this test bundle.\n\"${SYSTEM_DEVELOPER_DIR}/Tools/RunUnitTests\"\n";
		};
/* End PBXShellScriptBuildPhase section */

/* Begin PBXSourcesBuildPhase section */
		D311FB701636159500797BF9 /* Sources */ = {
			isa = PBXSourcesBuildPhase;
			buildActionMask = 2147483647;
			files = (
				D311FB851636159500797BF9 /* main.m in Sources */,
				D311FB891636159500797BF9 /* HCSAppDelegate.m in Sources */,
				D311FB8C1636159500797BF9 /* HCSViewController.m in Sources */,
				D355CF3316476FE1004E70DB /* Reachability.m in Sources */,
				D300238C1648A38C006C2A75 /* iOS-CoSpace-Fall2012.xcdatamodeld in Sources */,
				D300238F1648A41E006C2A75 /* Repo.m in Sources */,
				D3412CC516619D230080930A /* NetworkManager.m in Sources */,
				D3412CCB16619FF90080930A /* BaseFetchOperation.m in Sources */,
				D3412CCE1661A0DC0080930A /* RepoFetchOperation.m in Sources */,
			);
			runOnlyForDeploymentPostprocessing = 0;
		};
		D311FB901636159500797BF9 /* Sources */ = {
			isa = PBXSourcesBuildPhase;
			buildActionMask = 2147483647;
			files = (
				D3412CDC1661B2BB0080930A /* GTMHTTPServer.m in Sources */,
				D3412CDD1661B2BB0080930A /* GTMRegex.m in Sources */,
				D3412CDE1661B2BB0080930A /* GTMTestHTTPServer.m in Sources */,
				D3412CDF1661B2BB0080930A /* PDBackgroundHTTPServer.m in Sources */,
				D3412CE61661B3020080930A /* HCSSyntheticServerTest.m in Sources */,
			);
			runOnlyForDeploymentPostprocessing = 0;
		};
/* End PBXSourcesBuildPhase section */

/* Begin PBXTargetDependency section */
		D311FB9B1636159500797BF9 /* PBXTargetDependency */ = {
			isa = PBXTargetDependency;
			target = D311FB731636159500797BF9 /* iOS-CoSpace-Fall2012 */;
			targetProxy = D311FB9A1636159500797BF9 /* PBXContainerItemProxy */;
		};
/* End PBXTargetDependency section */

/* Begin PBXVariantGroup section */
		D311FB811636159500797BF9 /* InfoPlist.strings */ = {
			isa = PBXVariantGroup;
			children = (
				D311FB821636159500797BF9 /* en */,
			);
			name = InfoPlist.strings;
			sourceTree = "<group>";
		};
		D311FB8D1636159500797BF9 /* HCSViewController.xib */ = {
			isa = PBXVariantGroup;
			children = (
				D311FB8E1636159500797BF9 /* en */,
			);
			name = HCSViewController.xib;
			sourceTree = "<group>";
		};
		D311FB9F1636159500797BF9 /* InfoPlist.strings */ = {
			isa = PBXVariantGroup;
			children = (
				D311FBA01636159500797BF9 /* en */,
			);
			name = InfoPlist.strings;
			sourceTree = "<group>";
		};
/* End PBXVariantGroup section */

/* Begin XCBuildConfiguration section */
		D311FBA51636159500797BF9 /* Debug */ = {
			isa = XCBuildConfiguration;
			buildSettings = {
				ALWAYS_SEARCH_USER_PATHS = NO;
				ARCHS = "$(ARCHS_STANDARD_32_BIT)";
				CLANG_CXX_LANGUAGE_STANDARD = "gnu++0x";
				CLANG_ENABLE_OBJC_ARC = YES;
				CLANG_WARN__DUPLICATE_METHOD_MATCH = YES;
				"CODE_SIGN_IDENTITY[sdk=iphoneos*]" = "iPhone Developer";
				COPY_PHASE_STRIP = NO;
				GCC_C_LANGUAGE_STANDARD = gnu99;
				GCC_DYNAMIC_NO_PIC = NO;
				GCC_OPTIMIZATION_LEVEL = 0;
				GCC_PREPROCESSOR_DEFINITIONS = (
					"DEBUG=1",
					"$(inherited)",
				);
				GCC_SYMBOLS_PRIVATE_EXTERN = NO;
				GCC_VERSION = com.apple.compilers.llvm.clang.1_0;
				GCC_WARN_ABOUT_RETURN_TYPE = YES;
				GCC_WARN_UNINITIALIZED_AUTOS = YES;
				GCC_WARN_UNUSED_VARIABLE = YES;
				IPHONEOS_DEPLOYMENT_TARGET = 5.1;
				SDKROOT = iphoneos;
			};
			name = Debug;
		};
		D311FBA61636159500797BF9 /* Release */ = {
			isa = XCBuildConfiguration;
			buildSettings = {
				ALWAYS_SEARCH_USER_PATHS = NO;
				ARCHS = "$(ARCHS_STANDARD_32_BIT)";
				CLANG_CXX_LANGUAGE_STANDARD = "gnu++0x";
				CLANG_ENABLE_OBJC_ARC = YES;
				CLANG_WARN__DUPLICATE_METHOD_MATCH = YES;
				"CODE_SIGN_IDENTITY[sdk=iphoneos*]" = "iPhone Developer";
				COPY_PHASE_STRIP = YES;
				GCC_C_LANGUAGE_STANDARD = gnu99;
				GCC_VERSION = com.apple.compilers.llvm.clang.1_0;
				GCC_WARN_ABOUT_RETURN_TYPE = YES;
				GCC_WARN_UNINITIALIZED_AUTOS = YES;
				GCC_WARN_UNUSED_VARIABLE = YES;
				IPHONEOS_DEPLOYMENT_TARGET = 5.1;
				OTHER_CFLAGS = "-DNS_BLOCK_ASSERTIONS=1";
				SDKROOT = iphoneos;
				VALIDATE_PRODUCT = YES;
			};
			name = Release;
		};
		D311FBA81636159500797BF9 /* Debug */ = {
			isa = XCBuildConfiguration;
			buildSettings = {
				GCC_PRECOMPILE_PREFIX_HEADER = YES;
				GCC_PREFIX_HEADER = "iOS-CoSpace-Fall2012/iOS-CoSpace-Fall2012-Prefix.pch";
				INFOPLIST_FILE = "iOS-CoSpace-Fall2012/iOS-CoSpace-Fall2012-Info.plist";
				PRODUCT_NAME = "$(TARGET_NAME)";
				WRAPPER_EXTENSION = app;
			};
			name = Debug;
		};
		D311FBA91636159500797BF9 /* Release */ = {
			isa = XCBuildConfiguration;
			buildSettings = {
				GCC_PRECOMPILE_PREFIX_HEADER = YES;
				GCC_PREFIX_HEADER = "iOS-CoSpace-Fall2012/iOS-CoSpace-Fall2012-Prefix.pch";
				INFOPLIST_FILE = "iOS-CoSpace-Fall2012/iOS-CoSpace-Fall2012-Info.plist";
				PRODUCT_NAME = "$(TARGET_NAME)";
				WRAPPER_EXTENSION = app;
			};
			name = Release;
		};
		D311FBAB1636159500797BF9 /* Debug */ = {
			isa = XCBuildConfiguration;
			buildSettings = {
				BUNDLE_LOADER = "$(BUILT_PRODUCTS_DIR)/iOS-CoSpace-Fall2012.app/iOS-CoSpace-Fall2012";
				FRAMEWORK_SEARCH_PATHS = (
					"\"$(SDKROOT)/Developer/Library/Frameworks\"",
					"\"$(DEVELOPER_LIBRARY_DIR)/Frameworks\"",
				);
				GCC_PRECOMPILE_PREFIX_HEADER = YES;
				GCC_PREFIX_HEADER = "iOS-CoSpace-Fall2012/iOS-CoSpace-Fall2012-Prefix.pch";
				INFOPLIST_FILE = "iOS-CoSpace-Fall2012Tests/iOS-CoSpace-Fall2012Tests-Info.plist";
				PRODUCT_NAME = "$(TARGET_NAME)";
				TEST_HOST = "$(BUNDLE_LOADER)";
				WRAPPER_EXTENSION = octest;
			};
			name = Debug;
		};
		D311FBAC1636159500797BF9 /* Release */ = {
			isa = XCBuildConfiguration;
			buildSettings = {
				BUNDLE_LOADER = "$(BUILT_PRODUCTS_DIR)/iOS-CoSpace-Fall2012.app/iOS-CoSpace-Fall2012";
				FRAMEWORK_SEARCH_PATHS = (
					"\"$(SDKROOT)/Developer/Library/Frameworks\"",
					"\"$(DEVELOPER_LIBRARY_DIR)/Frameworks\"",
				);
				GCC_PRECOMPILE_PREFIX_HEADER = YES;
				GCC_PREFIX_HEADER = "iOS-CoSpace-Fall2012/iOS-CoSpace-Fall2012-Prefix.pch";
				INFOPLIST_FILE = "iOS-CoSpace-Fall2012Tests/iOS-CoSpace-Fall2012Tests-Info.plist";
				PRODUCT_NAME = "$(TARGET_NAME)";
				TEST_HOST = "$(BUNDLE_LOADER)";
				WRAPPER_EXTENSION = octest;
			};
			name = Release;
		};
/* End XCBuildConfiguration section */

/* Begin XCConfigurationList section */
		D311FB6E1636159500797BF9 /* Build configuration list for PBXProject "iOS-CoSpace-Fall2012" */ = {
			isa = XCConfigurationList;
			buildConfigurations = (
				D311FBA51636159500797BF9 /* Debug */,
				D311FBA61636159500797BF9 /* Release */,
			);
			defaultConfigurationIsVisible = 0;
			defaultConfigurationName = Release;
		};
		D311FBA71636159500797BF9 /* Build configuration list for PBXNativeTarget "iOS-CoSpace-Fall2012" */ = {
			isa = XCConfigurationList;
			buildConfigurations = (
				D311FBA81636159500797BF9 /* Debug */,
				D311FBA91636159500797BF9 /* Release */,
			);
			defaultConfigurationIsVisible = 0;
			defaultConfigurationName = Release;
		};
		D311FBAA1636159500797BF9 /* Build configuration list for PBXNativeTarget "iOS-CoSpace-Fall2012Tests" */ = {
			isa = XCConfigurationList;
			buildConfigurations = (
				D311FBAB1636159500797BF9 /* Debug */,
				D311FBAC1636159500797BF9 /* Release */,
			);
			defaultConfigurationIsVisible = 0;
			defaultConfigurationName = Release;
		};
/* End XCConfigurationList section */

/* Begin XCVersionGroup section */
		D300238A1648A38C006C2A75 /* iOS-CoSpace-Fall2012.xcdatamodeld */ = {
			isa = XCVersionGroup;
			children = (
				D300238B1648A38C006C2A75 /* iOS-CoSpace-Fall2012.xcdatamodel */,
			);
			currentVersion = D300238B1648A38C006C2A75 /* iOS-CoSpace-Fall2012.xcdatamodel */;
			path = "iOS-CoSpace-Fall2012.xcdatamodeld";
			sourceTree = "<group>";
			versionGroupType = wrapper.xcdatamodel;
		};
/* End XCVersionGroup section */
	};
	rootObject = D311FB6B1636159500797BF9 /* Project object */;
}
